
Microsoft Visual Studio Solution File, Format Version 12.00
# Visual Studio Version 17
VisualStudioVersion = 17.13.35806.99 d17.13
MinimumVisualStudioVersion = 10.0.40219.1
Project("{FAE04EC0-301F-11D3-BF4B-00C04F79EFBC}") = "google-pay", "google-pay.csproj", "{D4CF81C7-9AD4-4440-A801-38CF1BBD9051}"
EndProject
Global
	GlobalSection(SolutionConfigurationPlatforms) = preSolution
		Debug|Any CPU = Debug|Any CPU
		Release|Any CPU = Release|Any CPU
	EndGlobalSection
	GlobalSection(ProjectConfigurationPlatforms) = postSolution
		{D4CF81C7-9AD4-4440-A801-38CF1BBD9051}.Debug|Any CPU.ActiveCfg = Debug|Any CPU
		{D4CF81C7-9AD4-4440-A801-38CF1BBD9051}.Debug|Any CPU.Build.0 = Debug|Any CPU
		{D4CF81C7-9AD4-4440-A801-38CF1BBD9051}.Release|Any CPU.ActiveCfg = Release|Any CPU
		{D4CF81C7-9AD4-4440-A801-38CF1BBD9051}.Release|Any CPU.Build.0 = Release|Any CPU
	EndGlobalSection
	GlobalSection(SolutionProperties) = preSolution
		HideSolutionNode = FALSE
	EndGlobalSection
	GlobalSection(ExtensibilityGlobals) = postSolution
		SolutionGuid = {A68A173E-D471-4B37-B3A2-46CD6D88F388}
	EndGlobalSection
EndGlobal
